{
  "name": "electron-react-boilerplate",
  "version": "4.6.0",
  "lockfileVersion": 2,
  "requires": true,
  "packages": {
    "": {
      "name": "electron-react-boilerplate",
      "version": "4.6.0",
      "hasInstallScript": true,
      "license": "MIT",
      "dependencies": {
        "nodeopenvr": "../../../NodeOpenVR"
      }
    },
    "../../../NodeOpenVR": {
      "name": "nodeopenvr",
      "version": "0.0.1",
      "hasInstallScript": true,
      "license": "MIT",
      "dependencies": {
        "bindings": "^1.5.0",
        "node-addon-api": "*"
      }
    },
    "node_modules/nodeopenvr": {
      "resolved": "../../../NodeOpenVR",
      "link": true
    }
  },
  "dependencies": {
    "nodeopenvr": {
      "version": "file:../../../NodeOpenVR",
      "requires": {
        "bindings": "^1.5.0",
        "node-addon-api": "*"
      }
    }
  }
}
